// !$*UTF8*$!
{
	archiveVersion = 1;
	classes = {
	};
	objectVersion = 46;
	objects = {

/* Begin PBXBuildFile section */
		C0CB95F21A3BCAC60047F41E /* taximeter.ttf in Resources */ = {isa = PBXBuildFile; fileRef = C0CB95F11A3BCAC60047F41E /* taximeter.ttf */; };
		F82E41D61A398DED00CC41B0 /* TrackPopupController.swift in Sources */ = {isa = PBXBuildFile; fileRef = F82E41D51A398DED00CC41B0 /* TrackPopupController.swift */; };
		F83209121A3A5AB60075FCCF /* LibraryViewController.swift in Sources */ = {isa = PBXBuildFile; fileRef = F83209111A3A5AB60075FCCF /* LibraryViewController.swift */; };
		F83209141A3A844D0075FCCF /* LibraryViewCell.swift in Sources */ = {isa = PBXBuildFile; fileRef = F83209131A3A844D0075FCCF /* LibraryViewCell.swift */; };
		F83432221A39500500B7C389 /* folder.png in Resources */ = {isa = PBXBuildFile; fileRef = F83432211A39500500B7C389 /* folder.png */; };
		F83432261A39511400B7C389 /* level.png in Resources */ = {isa = PBXBuildFile; fileRef = F83432251A39511400B7C389 /* level.png */; };
		F83432281A3954DD00B7C389 /* reelbg2.png in Resources */ = {isa = PBXBuildFile; fileRef = F83432271A3954DD00B7C389 /* reelbg2.png */; };
		F898C0371A3902850005DBDF /* ToM_EnsoCircle.png in Resources */ = {isa = PBXBuildFile; fileRef = F898C0361A3902850005DBDF /* ToM_EnsoCircle.png */; };
		F898C0391A3905D70005DBDF /* UIKit.framework in Frameworks */ = {isa = PBXBuildFile; fileRef = F898C0381A3905D70005DBDF /* UIKit.framework */; };
		F898C03B1A3905E10005DBDF /* AVFoundation.framework in Frameworks */ = {isa = PBXBuildFile; fileRef = F898C03A1A3905E10005DBDF /* AVFoundation.framework */; };
		F8F466BC1A38483900DD2104 /* AppDelegate.swift in Sources */ = {isa = PBXBuildFile; fileRef = F8F466BB1A38483900DD2104 /* AppDelegate.swift */; };
		F8F466BF1A38483900DD2104 /* ReelPlayer.xcdatamodeld in Sources */ = {isa = PBXBuildFile; fileRef = F8F466BD1A38483900DD2104 /* ReelPlayer.xcdatamodeld */; };
		F8F466C11A38483900DD2104 /* ReelController.swift in Sources */ = {isa = PBXBuildFile; fileRef = F8F466C01A38483900DD2104 /* ReelController.swift */; };
		F8F466C41A38483900DD2104 /* Main.storyboard in Resources */ = {isa = PBXBuildFile; fileRef = F8F466C21A38483900DD2104 /* Main.storyboard */; };
		F8F466C61A38483900DD2104 /* Images.xcassets in Resources */ = {isa = PBXBuildFile; fileRef = F8F466C51A38483900DD2104 /* Images.xcassets */; };
		F8F466C91A38483900DD2104 /* LaunchScreen.xib in Resources */ = {isa = PBXBuildFile; fileRef = F8F466C71A38483900DD2104 /* LaunchScreen.xib */; };
		F8F466D51A38483900DD2104 /* ReelPlayerTests.swift in Sources */ = {isa = PBXBuildFile; fileRef = F8F466D41A38483900DD2104 /* ReelPlayerTests.swift */; };
		F8F466DF1A3848E000DD2104 /* reelbg.png in Resources */ = {isa = PBXBuildFile; fileRef = F8F466DE1A3848E000DD2104 /* reelbg.png */; };
		F8F466E11A38496800DD2104 /* play6.png in Resources */ = {isa = PBXBuildFile; fileRef = F8F466E01A38496800DD2104 /* play6.png */; };
		F8F466E31A38497100DD2104 /* reel2.png in Resources */ = {isa = PBXBuildFile; fileRef = F8F466E21A38497100DD2104 /* reel2.png */; };
		F8F466E51A38497A00DD2104 /* pausebutton2.png in Resources */ = {isa = PBXBuildFile; fileRef = F8F466E41A38497A00DD2104 /* pausebutton2.png */; };
		F8F466E71A38498400DD2104 /* fastforward.png in Resources */ = {isa = PBXBuildFile; fileRef = F8F466E61A38498400DD2104 /* fastforward.png */; };
		F8F466E91A38498B00DD2104 /* rewind.png in Resources */ = {isa = PBXBuildFile; fileRef = F8F466E81A38498B00DD2104 /* rewind.png */; };
/* End PBXBuildFile section */

/* Begin PBXContainerItemProxy section */
		F8F466CF1A38483900DD2104 /* PBXContainerItemProxy */ = {
			isa = PBXContainerItemProxy;
			containerPortal = F8F466AE1A38483900DD2104 /* Project object */;
			proxyType = 1;
			remoteGlobalIDString = F8F466B51A38483900DD2104;
			remoteInfo = ReelPlayer;
		};
/* End PBXContainerItemProxy section */

/* Begin PBXFileReference section */
		C0CB95F11A3BCAC60047F41E /* taximeter.ttf */ = {isa = PBXFileReference; lastKnownFileType = file; name = taximeter.ttf; path = ReelPlayer/taximeter.ttf; sourceTree = "<group>"; };
		F82E41D51A398DED00CC41B0 /* TrackPopupController.swift */ = {isa = PBXFileReference; fileEncoding = 4; lastKnownFileType = sourcecode.swift; path = TrackPopupController.swift; sourceTree = "<group>"; };
		F83209111A3A5AB60075FCCF /* LibraryViewController.swift */ = {isa = PBXFileReference; fileEncoding = 4; lastKnownFileType = sourcecode.swift; path = LibraryViewController.swift; sourceTree = "<group>"; };
		F83209131A3A844D0075FCCF /* LibraryViewCell.swift */ = {isa = PBXFileReference; fileEncoding = 4; lastKnownFileType = sourcecode.swift; path = LibraryViewCell.swift; sourceTree = "<group>"; };
		F83432211A39500500B7C389 /* folder.png */ = {isa = PBXFileReference; lastKnownFileType = image.png; path = folder.png; sourceTree = "<group>"; };
		F83432251A39511400B7C389 /* level.png */ = {isa = PBXFileReference; lastKnownFileType = image.png; path = level.png; sourceTree = "<group>"; };
		F83432271A3954DD00B7C389 /* reelbg2.png */ = {isa = PBXFileReference; lastKnownFileType = image.png; path = reelbg2.png; sourceTree = "<group>"; };
		F834322A1A3956E800B7C389 /* Base */ = {isa = PBXFileReference; lastKnownFileType = file; name = Base; path = Base.lproj/taximeter.ttf; sourceTree = "<group>"; };
		F898C0361A3902850005DBDF /* ToM_EnsoCircle.png */ = {isa = PBXFileReference; lastKnownFileType = image.png; path = ToM_EnsoCircle.png; sourceTree = "<group>"; };
		F898C0381A3905D70005DBDF /* UIKit.framework */ = {isa = PBXFileReference; lastKnownFileType = wrapper.framework; name = UIKit.framework; path = System/Library/Frameworks/UIKit.framework; sourceTree = SDKROOT; };
		F898C03A1A3905E10005DBDF /* AVFoundation.framework */ = {isa = PBXFileReference; lastKnownFileType = wrapper.framework; name = AVFoundation.framework; path = System/Library/Frameworks/AVFoundation.framework; sourceTree = SDKROOT; };
		F8F466B61A38483900DD2104 /* ReelPlayer.app */ = {isa = PBXFileReference; explicitFileType = wrapper.application; includeInIndex = 0; path = ReelPlayer.app; sourceTree = BUILT_PRODUCTS_DIR; };
		F8F466BA1A38483900DD2104 /* Info.plist */ = {isa = PBXFileReference; lastKnownFileType = text.plist.xml; path = Info.plist; sourceTree = "<group>"; };
		F8F466BB1A38483900DD2104 /* AppDelegate.swift */ = {isa = PBXFileReference; lastKnownFileType = sourcecode.swift; path = AppDelegate.swift; sourceTree = "<group>"; };
		F8F466BE1A38483900DD2104 /* ReelPlayer.xcdatamodel */ = {isa = PBXFileReference; lastKnownFileType = wrapper.xcdatamodel; path = ReelPlayer.xcdatamodel; sourceTree = "<group>"; };
		F8F466C01A38483900DD2104 /* ReelController.swift */ = {isa = PBXFileReference; lastKnownFileType = sourcecode.swift; path = ReelController.swift; sourceTree = "<group>"; };
		F8F466C31A38483900DD2104 /* Base */ = {isa = PBXFileReference; lastKnownFileType = file.storyboard; name = Base; path = Base.lproj/Main.storyboard; sourceTree = "<group>"; };
		F8F466C51A38483900DD2104 /* Images.xcassets */ = {isa = PBXFileReference; lastKnownFileType = folder.assetcatalog; path = Images.xcassets; sourceTree = "<group>"; };
		F8F466C81A38483900DD2104 /* Base */ = {isa = PBXFileReference; lastKnownFileType = file.xib; name = Base; path = Base.lproj/LaunchScreen.xib; sourceTree = "<group>"; };
		F8F466CE1A38483900DD2104 /* ReelPlayerTests.xctest */ = {isa = PBXFileReference; explicitFileType = wrapper.cfbundle; includeInIndex = 0; path = ReelPlayerTests.xctest; sourceTree = BUILT_PRODUCTS_DIR; };
		F8F466D31A38483900DD2104 /* Info.plist */ = {isa = PBXFileReference; lastKnownFileType = text.plist.xml; path = Info.plist; sourceTree = "<group>"; };
		F8F466D41A38483900DD2104 /* ReelPlayerTests.swift */ = {isa = PBXFileReference; lastKnownFileType = sourcecode.swift; path = ReelPlayerTests.swift; sourceTree = "<group>"; };
		F8F466DE1A3848E000DD2104 /* reelbg.png */ = {isa = PBXFileReference; lastKnownFileType = image.png; path = reelbg.png; sourceTree = "<group>"; };
		F8F466E01A38496800DD2104 /* play6.png */ = {isa = PBXFileReference; lastKnownFileType = image.png; path = play6.png; sourceTree = "<group>"; };
		F8F466E21A38497100DD2104 /* reel2.png */ = {isa = PBXFileReference; lastKnownFileType = image.png; path = reel2.png; sourceTree = "<group>"; };
		F8F466E41A38497A00DD2104 /* pausebutton2.png */ = {isa = PBXFileReference; lastKnownFileType = image.png; path = pausebutton2.png; sourceTree = "<group>"; };
		F8F466E61A38498400DD2104 /* fastforward.png */ = {isa = PBXFileReference; lastKnownFileType = image.png; path = fastforward.png; sourceTree = "<group>"; };
		F8F466E81A38498B00DD2104 /* rewind.png */ = {isa = PBXFileReference; lastKnownFileType = image.png; path = rewind.png; sourceTree = "<group>"; };
/* End PBXFileReference section */

/* Begin PBXFrameworksBuildPhase section */
		F8F466B31A38483900DD2104 /* Frameworks */ = {
			isa = PBXFrameworksBuildPhase;
			buildActionMask = 2147483647;
			files = (
				F898C03B1A3905E10005DBDF /* AVFoundation.framework in Frameworks */,
				F898C0391A3905D70005DBDF /* UIKit.framework in Frameworks */,
			);
			runOnlyForDeploymentPostprocessing = 0;
		};
		F8F466CB1A38483900DD2104 /* Frameworks */ = {
			isa = PBXFrameworksBuildPhase;
			buildActionMask = 2147483647;
			files = (
			);
			runOnlyForDeploymentPostprocessing = 0;
		};
/* End PBXFrameworksBuildPhase section */

/* Begin PBXGroup section */
		F8F466AD1A38483900DD2104 = {
			isa = PBXGroup;
			children = (
				C0CB95F11A3BCAC60047F41E /* taximeter.ttf */,
				F8F466B81A38483900DD2104 /* ReelPlayer */,
				F8F466D11A38483900DD2104 /* ReelPlayerTests */,
				F8F466B71A38483900DD2104 /* Products */,
				F898C03A1A3905E10005DBDF /* AVFoundation.framework */,
				F898C0381A3905D70005DBDF /* UIKit.framework */,
			);
			sourceTree = "<group>";
		};
		F8F466B71A38483900DD2104 /* Products */ = {
			isa = PBXGroup;
			children = (
				F8F466B61A38483900DD2104 /* ReelPlayer.app */,
				F8F466CE1A38483900DD2104 /* ReelPlayerTests.xctest */,
			);
			name = Products;
			sourceTree = "<group>";
		};
		F8F466B81A38483900DD2104 /* ReelPlayer */ = {
			isa = PBXGroup;
			children = (
				F8F466BB1A38483900DD2104 /* AppDelegate.swift */,
				F8F466C01A38483900DD2104 /* ReelController.swift */,
				F83209111A3A5AB60075FCCF /* LibraryViewController.swift */,
				F83209131A3A844D0075FCCF /* LibraryViewCell.swift */,
				F8F466C21A38483900DD2104 /* Main.storyboard */,
				F82E41D51A398DED00CC41B0 /* TrackPopupController.swift */,
				F8F466DE1A3848E000DD2104 /* reelbg.png */,
				F8F466E21A38497100DD2104 /* reel2.png */,
				F8F466E01A38496800DD2104 /* play6.png */,
				F8F466E41A38497A00DD2104 /* pausebutton2.png */,
				F8F466E81A38498B00DD2104 /* rewind.png */,
				F8F466E61A38498400DD2104 /* fastforward.png */,
				F83432251A39511400B7C389 /* level.png */,
				F83432271A3954DD00B7C389 /* reelbg2.png */,
				F83432211A39500500B7C389 /* folder.png */,
				F898C0361A3902850005DBDF /* ToM_EnsoCircle.png */,
				F834322B1A3956E800B7C389 /* taximeter.ttf */,
				F8F466C51A38483900DD2104 /* Images.xcassets */,
				F8F466C71A38483900DD2104 /* LaunchScreen.xib */,
				F8F466BD1A38483900DD2104 /* ReelPlayer.xcdatamodeld */,
				F8F466B91A38483900DD2104 /* Supporting Files */,
			);
			path = ReelPlayer;
			sourceTree = "<group>";
		};
		F8F466B91A38483900DD2104 /* Supporting Files */ = {
			isa = PBXGroup;
			children = (
				F8F466BA1A38483900DD2104 /* Info.plist */,
			);
			name = "Supporting Files";
			sourceTree = "<group>";
		};
		F8F466D11A38483900DD2104 /* ReelPlayerTests */ = {
			isa = PBXGroup;
			children = (
				F8F466D41A38483900DD2104 /* ReelPlayerTests.swift */,
				F8F466D21A38483900DD2104 /* Supporting Files */,
			);
			path = ReelPlayerTests;
			sourceTree = "<group>";
		};
		F8F466D21A38483900DD2104 /* Supporting Files */ = {
			isa = PBXGroup;
			children = (
				F8F466D31A38483900DD2104 /* Info.plist */,
			);
			name = "Supporting Files";
			sourceTree = "<group>";
		};
/* End PBXGroup section */

/* Begin PBXNativeTarget section */
		F8F466B51A38483900DD2104 /* ReelPlayer */ = {
			isa = PBXNativeTarget;
			buildConfigurationList = F8F466D81A38483900DD2104 /* Build configuration list for PBXNativeTarget "ReelPlayer" */;
			buildPhases = (
				F8F466B21A38483900DD2104 /* Sources */,
				F8F466B31A38483900DD2104 /* Frameworks */,
				F8F466B41A38483900DD2104 /* Resources */,
			);
			buildRules = (
			);
			dependencies = (
			);
			name = ReelPlayer;
			productName = ReelPlayer;
			productReference = F8F466B61A38483900DD2104 /* ReelPlayer.app */;
			productType = "com.apple.product-type.application";
		};
		F8F466CD1A38483900DD2104 /* ReelPlayerTests */ = {
			isa = PBXNativeTarget;
			buildConfigurationList = F8F466DB1A38483900DD2104 /* Build configuration list for PBXNativeTarget "ReelPlayerTests" */;
			buildPhases = (
				F8F466CA1A38483900DD2104 /* Sources */,
				F8F466CB1A38483900DD2104 /* Frameworks */,
				F8F466CC1A38483900DD2104 /* Resources */,
			);
			buildRules = (
			);
			dependencies = (
				F8F466D01A38483900DD2104 /* PBXTargetDependency */,
			);
			name = ReelPlayerTests;
			productName = ReelPlayerTests;
			productReference = F8F466CE1A38483900DD2104 /* ReelPlayerTests.xctest */;
			productType = "com.apple.product-type.bundle.unit-test";
		};
/* End PBXNativeTarget section */

/* Begin PBXProject section */
		F8F466AE1A38483900DD2104 /* Project object */ = {
			isa = PBXProject;
			attributes = {
				LastUpgradeCheck = 0610;
				ORGANIZATIONNAME = RealtoReal;
				TargetAttributes = {
					F8F466B51A38483900DD2104 = {
						CreatedOnToolsVersion = 6.1;
					};
					F8F466CD1A38483900DD2104 = {
						CreatedOnToolsVersion = 6.1;
						TestTargetID = F8F466B51A38483900DD2104;
					};
				};
			};
			buildConfigurationList = F8F466B11A38483900DD2104 /* Build configuration list for PBXProject "ReelPlayer" */;
			compatibilityVersion = "Xcode 3.2";
			developmentRegion = English;
			hasScannedForEncodings = 0;
			knownRegions = (
				en,
				Base,
			);
			mainGroup = F8F466AD1A38483900DD2104;
			productRefGroup = F8F466B71A38483900DD2104 /* Products */;
			projectDirPath = "";
			projectRoot = "";
			targets = (
				F8F466B51A38483900DD2104 /* ReelPlayer */,
				F8F466CD1A38483900DD2104 /* ReelPlayerTests */,
			);
		};
/* End PBXProject section */

/* Begin PBXResourcesBuildPhase section */
		F8F466B41A38483900DD2104 /* Resources */ = {
			isa = PBXResourcesBuildPhase;
			buildActionMask = 2147483647;
			files = (
				F8F466C41A38483900DD2104 /* Main.storyboard in Resources */,
				F8F466E11A38496800DD2104 /* play6.png in Resources */,
				F8F466C91A38483900DD2104 /* LaunchScreen.xib in Resources */,
				F898C0371A3902850005DBDF /* ToM_EnsoCircle.png in Resources */,
				F8F466E51A38497A00DD2104 /* pausebutton2.png in Resources */,
				F8F466E91A38498B00DD2104 /* rewind.png in Resources */,
				F83432281A3954DD00B7C389 /* reelbg2.png in Resources */,
				F8F466DF1A3848E000DD2104 /* reelbg.png in Resources */,
				C0CB95F21A3BCAC60047F41E /* taximeter.ttf in Resources */,
				F83432221A39500500B7C389 /* folder.png in Resources */,
				F83432261A39511400B7C389 /* level.png in Resources */,
				F8F466E71A38498400DD2104 /* fastforward.png in Resources */,
				F8F466E31A38497100DD2104 /* reel2.png in Resources */,
				F8F466C61A38483900DD2104 /* Images.xcassets in Resources */,
			);
			runOnlyForDeploymentPostprocessing = 0;
		};
		F8F466CC1A38483900DD2104 /* Resources */ = {
			isa = PBXResourcesBuildPhase;
			buildActionMask = 2147483647;
			files = (
			);
			runOnlyForDeploymentPostprocessing = 0;
		};
/* End PBXResourcesBuildPhase section */

/* Begin PBXSourcesBuildPhase section */
		F8F466B21A38483900DD2104 /* Sources */ = {
			isa = PBXSourcesBuildPhase;
			buildActionMask = 2147483647;
			files = (
				F8F466C11A38483900DD2104 /* ReelController.swift in Sources */,
				F83209121A3A5AB60075FCCF /* LibraryViewController.swift in Sources */,
				F8F466BF1A38483900DD2104 /* ReelPlayer.xcdatamodeld in Sources */,
				F82E41D61A398DED00CC41B0 /* TrackPopupController.swift in Sources */,
				F83209141A3A844D0075FCCF /* LibraryViewCell.swift in Sources */,
				F8F466BC1A38483900DD2104 /* AppDelegate.swift in Sources */,
			);
			runOnlyForDeploymentPostprocessing = 0;
		};
		F8F466CA1A38483900DD2104 /* Sources */ = {
			isa = PBXSourcesBuildPhase;
			buildActionMask = 2147483647;
			files = (
				F8F466D51A38483900DD2104 /* ReelPlayerTests.swift in Sources */,
			);
			runOnlyForDeploymentPostprocessing = 0;
		};
/* End PBXSourcesBuildPhase section */

/* Begin PBXTargetDependency section */
		F8F466D01A38483900DD2104 /* PBXTargetDependency */ = {
			isa = PBXTargetDependency;
			target = F8F466B51A38483900DD2104 /* ReelPlayer */;
			targetProxy = F8F466CF1A38483900DD2104 /* PBXContainerItemProxy */;
		};
/* End PBXTargetDependency section */

/* Begin PBXVariantGroup section */
		F834322B1A3956E800B7C389 /* taximeter.ttf */ = {
			isa = PBXVariantGroup;
			children = (
				F834322A1A3956E800B7C389 /* Base */,
			);
			name = taximeter.ttf;
			sourceTree = "<group>";
		};
		F8F466C21A38483900DD2104 /* Main.storyboard */ = {
			isa = PBXVariantGroup;
			children = (
				F8F466C31A38483900DD2104 /* Base */,
			);
			name = Main.storyboard;
			sourceTree = "<group>";
		};
		F8F466C71A38483900DD2104 /* LaunchScreen.xib */ = {
			isa = PBXVariantGroup;
			children = (
				F8F466C81A38483900DD2104 /* Base */,
			);
			name = LaunchScreen.xib;
			sourceTree = "<group>";
		};
/* End PBXVariantGroup section */

/* Begin XCBuildConfiguration section */
		F8F466D61A38483900DD2104 /* Debug */ = {
			isa = XCBuildConfiguration;
			buildSettings = {
				ALWAYS_SEARCH_USER_PATHS = NO;
				CLANG_CXX_LANGUAGE_STANDARD = "gnu++0x";
				CLANG_CXX_LIBRARY = "libc++";
				CLANG_ENABLE_MODULES = YES;
				CLANG_ENABLE_OBJC_ARC = YES;
				CLANG_WARN_BOOL_CONVERSION = YES;
				CLANG_WARN_CONSTANT_CONVERSION = YES;
				CLANG_WARN_DIRECT_OBJC_ISA_USAGE = YES_ERROR;
				CLANG_WARN_EMPTY_BODY = YES;
				CLANG_WARN_ENUM_CONVERSION = YES;
				CLANG_WARN_INT_CONVERSION = YES;
				CLANG_WARN_OBJC_ROOT_CLASS = YES_ERROR;
				CLANG_WARN_UNREACHABLE_CODE = YES;
				CLANG_WARN__DUPLICATE_METHOD_MATCH = YES;
				"CODE_SIGN_IDENTITY[sdk=iphoneos*]" = "iPhone Developer";
				COPY_PHASE_STRIP = NO;
				ENABLE_STRICT_OBJC_MSGSEND = YES;
				GCC_C_LANGUAGE_STANDARD = gnu99;
				GCC_DYNAMIC_NO_PIC = NO;
				GCC_OPTIMIZATION_LEVEL = 0;
				GCC_PREPROCESSOR_DEFINITIONS = (
					"DEBUG=1",
					"$(inherited)",
				);
				GCC_SYMBOLS_PRIVATE_EXTERN = NO;
				GCC_WARN_64_TO_32_BIT_CONVERSION = YES;
				GCC_WARN_ABOUT_RETURN_TYPE = YES_ERROR;
				GCC_WARN_UNDECLARED_SELECTOR = YES;
				GCC_WARN_UNINITIALIZED_AUTOS = YES_AGGRESSIVE;
				GCC_WARN_UNUSED_FUNCTION = YES;
				GCC_WARN_UNUSED_VARIABLE = YES;
				IPHONEOS_DEPLOYMENT_TARGET = 8.1;
				MTL_ENABLE_DEBUG_INFO = YES;
				ONLY_ACTIVE_ARCH = YES;
				SDKROOT = iphoneos;
				SWIFT_OPTIMIZATION_LEVEL = "-Onone";
				TARGETED_DEVICE_FAMILY = "1,2";
			};
			name = Debug;
		};
		F8F466D71A38483900DD2104 /* Release */ = {
			isa = XCBuildConfiguration;
			buildSettings = {
				ALWAYS_SEARCH_USER_PATHS = NO;
				CLANG_CXX_LANGUAGE_STANDARD = "gnu++0x";
				CLANG_CXX_LIBRARY = "libc++";
				CLANG_ENABLE_MODULES = YES;
				CLANG_ENABLE_OBJC_ARC = YES;
				CLANG_WARN_BOOL_CONVERSION = YES;
				CLANG_WARN_CONSTANT_CONVERSION = YES;
				CLANG_WARN_DIRECT_OBJC_ISA_USAGE = YES_ERROR;
				CLANG_WARN_EMPTY_BODY = YES;
				CLANG_WARN_ENUM_CONVERSION = YES;
				CLANG_WARN_INT_CONVERSION = YES;
				CLANG_WARN_OBJC_ROOT_CLASS = YES_ERROR;
				CLANG_WARN_UNREACHABLE_CODE = YES;
				CLANG_WARN__DUPLICATE_METHOD_MATCH = YES;
				"CODE_SIGN_IDENTITY[sdk=iphoneos*]" = "iPhone Developer";
				COPY_PHASE_STRIP = YES;
				ENABLE_NS_ASSERTIONS = NO;
				ENABLE_STRICT_OBJC_MSGSEND = YES;
				GCC_C_LANGUAGE_STANDARD = gnu99;
				GCC_WARN_64_TO_32_BIT_CONVERSION = YES;
				GCC_WARN_ABOUT_RETURN_TYPE = YES_ERROR;
				GCC_WARN_UNDECLARED_SELECTOR = YES;
				GCC_WARN_UNINITIALIZED_AUTOS = YES_AGGRESSIVE;
				GCC_WARN_UNUSED_FUNCTION = YES;
				GCC_WARN_UNUSED_VARIABLE = YES;
				IPHONEOS_DEPLOYMENT_TARGET = 8.1;
				MTL_ENABLE_DEBUG_INFO = NO;
				SDKROOT = iphoneos;
				TARGETED_DEVICE_FAMILY = "1,2";
				VALIDATE_PRODUCT = YES;
			};
			name = Release;
		};
		F8F466D91A38483900DD2104 /* Debug */ = {
			isa = XCBuildConfiguration;
			buildSettings = {
				ASSETCATALOG_COMPILER_APPICON_NAME = AppIcon;
				INFOPLIST_FILE = ReelPlayer/Info.plist;
				LD_RUNPATH_SEARCH_PATHS = "$(inherited) @executable_path/Frameworks";
				PRODUCT_NAME = "$(TARGET_NAME)";
			};
			name = Debug;
		};
		F8F466DA1A38483900DD2104 /* Release */ = {
			isa = XCBuildConfiguration;
			buildSettings = {
				ASSETCATALOG_COMPILER_APPICON_NAME = AppIcon;
				INFOPLIST_FILE = ReelPlayer/Info.plist;
				LD_RUNPATH_SEARCH_PATHS = "$(inherited) @executable_path/Frameworks";
				PRODUCT_NAME = "$(TARGET_NAME)";
			};
			name = Release;
		};
		F8F466DC1A38483900DD2104 /* Debug */ = {
			isa = XCBuildConfiguration;
			buildSettings = {
				BUNDLE_LOADER = "$(TEST_HOST)";
				FRAMEWORK_SEARCH_PATHS = (
					"$(SDKROOT)/Developer/Library/Frameworks",
					"$(inherited)",
				);
				GCC_PREPROCESSOR_DEFINITIONS = (
					"DEBUG=1",
					"$(inherited)",
				);
				INFOPLIST_FILE = ReelPlayerTests/Info.plist;
				LD_RUNPATH_SEARCH_PATHS = "$(inherited) @executable_path/Frameworks @loader_path/Frameworks";
				PRODUCT_NAME = "$(TARGET_NAME)";
				TEST_HOST = "$(BUILT_PRODUCTS_DIR)/ReelPlayer.app/ReelPlayer";
			};
			name = Debug;
		};
		F8F466DD1A38483900DD2104 /* Release */ = {
			isa = XCBuildConfiguration;
			buildSettings = {
				BUNDLE_LOADER = "$(TEST_HOST)";
				FRAMEWORK_SEARCH_PATHS = (
					"$(SDKROOT)/Developer/Library/Frameworks",
					"$(inherited)",
				);
				INFOPLIST_FILE = ReelPlayerTests/Info.plist;
				LD_RUNPATH_SEARCH_PATHS = "$(inherited) @executable_path/Frameworks @loader_path/Frameworks";
				PRODUCT_NAME = "$(TARGET_NAME)";
				TEST_HOST = "$(BUILT_PRODUCTS_DIR)/ReelPlayer.app/ReelPlayer";
			};
			name = Release;
		};
/* End XCBuildConfiguration section */

/* Begin XCConfigurationList section */
		F8F466B11A38483900DD2104 /* Build configuration list for PBXProject "ReelPlayer" */ = {
			isa = XCConfigurationList;
			buildConfigurations = (
				F8F466D61A38483900DD2104 /* Debug */,
				F8F466D71A38483900DD2104 /* Release */,
			);
			defaultConfigurationIsVisible = 0;
			defaultConfigurationName = Release;
		};
		F8F466D81A38483900DD2104 /* Build configuration list for PBXNativeTarget "ReelPlayer" */ = {
			isa = XCConfigurationList;
			buildConfigurations = (
				F8F466D91A38483900DD2104 /* Debug */,
				F8F466DA1A38483900DD2104 /* Release */,
			);
			defaultConfigurationIsVisible = 0;
			defaultConfigurationName = Release;
		};
		F8F466DB1A38483900DD2104 /* Build configuration list for PBXNativeTarget "ReelPlayerTests" */ = {
			isa = XCConfigurationList;
			buildConfigurations = (
				F8F466DC1A38483900DD2104 /* Debug */,
				F8F466DD1A38483900DD2104 /* Release */,
			);
			defaultConfigurationIsVisible = 0;
			defaultConfigurationName = Release;
		};
/* End XCConfigurationList section */

/* Begin XCVersionGroup section */
		F8F466BD1A38483900DD2104 /* ReelPlayer.xcdatamodeld */ = {
			isa = XCVersionGroup;
			children = (
				F8F466BE1A38483900DD2104 /* ReelPlayer.xcdatamodel */,
			);
			currentVersion = F8F466BE1A38483900DD2104 /* ReelPlayer.xcdatamodel */;
			path = ReelPlayer.xcdatamodeld;
			sourceTree = "<group>";
			versionGroupType = wrapper.xcdatamodel;
		};
/* End XCVersionGroup section */
	};
	rootObject = F8F466AE1A38483900DD2104 /* Project object */;
}
